
Microsoft Visual Studio Solution File, Format Version 12.00
# Visual Studio 14
VisualStudioVersion = 14.0.23107.0
MinimumVisualStudioVersion = 10.0.40219.1
Project("{FAE04EC0-301F-11D3-BF4B-00C04F79EFBC}") = "SafeMapper.Profiler", "SafeMapper.Profiler\SafeMapper.Profiler.csproj", "{AB4705B8-874D-47D0-BF6D-2414C6F436BE}"
	ProjectSection(ProjectDependencies) = postProject
		{A947C697-4EE8-4AF0-8E4D-14ACDC8EA363} = {A947C697-4EE8-4AF0-8E4D-14ACDC8EA363}
	EndProjectSection
EndProject
Project("{FAE04EC0-301F-11D3-BF4B-00C04F79EFBC}") = "SafeMapper.Tests.Model", "SafeMapper.Tests.Model\SafeMapper.Tests.Model.csproj", "{955AA075-D841-4BB9-9487-DAC42EEBCECC}"
	ProjectSection(ProjectDependencies) = postProject
		{A947C697-4EE8-4AF0-8E4D-14ACDC8EA363} = {A947C697-4EE8-4AF0-8E4D-14ACDC8EA363}
	EndProjectSection
EndProject
Project("{FAE04EC0-301F-11D3-BF4B-00C04F79EFBC}") = "SafeMapper.Tests.Performance", "SafeMapper.Tests.Performance\SafeMapper.Tests.Performance.csproj", "{521BB35C-2196-435D-B181-9172E5AE5F78}"
	ProjectSection(ProjectDependencies) = postProject
		{A947C697-4EE8-4AF0-8E4D-14ACDC8EA363} = {A947C697-4EE8-4AF0-8E4D-14ACDC8EA363}
	EndProjectSection
EndProject
Project("{2150E333-8FDC-42A3-9474-1A3956D46DE8}") = ".nuget", ".nuget", "{E55C46B7-922B-4E50-8115-15B1A28EA66D}"
	ProjectSection(SolutionItems) = preProject
		.nuget\packages.config = .nuget\packages.config
	EndProjectSection
EndProject
Project("{8BB2217D-0F2D-49D1-97BC-3654ED321F3B}") = "SafeMapper", "SafeMapper\SafeMapper.xproj", "{A947C697-4EE8-4AF0-8E4D-14ACDC8EA363}"
EndProject
Project("{8BB2217D-0F2D-49D1-97BC-3654ED321F3B}") = "SafeMapper.Tests", "SafeMapper.Tests\SafeMapper.Tests.xproj", "{25A7A26F-1382-49F6-B11D-C32C0787A3AD}"
EndProject
Global
	GlobalSection(SolutionConfigurationPlatforms) = preSolution
		Debug|Any CPU = Debug|Any CPU
		Release|Any CPU = Release|Any CPU
	EndGlobalSection
	GlobalSection(ProjectConfigurationPlatforms) = postSolution
		{25A7A26F-1382-49F6-B11D-C32C0787A3AD}.Debug|Any CPU.ActiveCfg = Debug|Any CPU
		{25A7A26F-1382-49F6-B11D-C32C0787A3AD}.Debug|Any CPU.Build.0 = Debug|Any CPU
		{25A7A26F-1382-49F6-B11D-C32C0787A3AD}.Release|Any CPU.ActiveCfg = Release|Any CPU
		{25A7A26F-1382-49F6-B11D-C32C0787A3AD}.Release|Any CPU.Build.0 = Release|Any CPU
		{AB4705B8-874D-47D0-BF6D-2414C6F436BE}.Debug|Any CPU.ActiveCfg = Debug|Any CPU
		{AB4705B8-874D-47D0-BF6D-2414C6F436BE}.Debug|Any CPU.Build.0 = Debug|Any CPU
		{AB4705B8-874D-47D0-BF6D-2414C6F436BE}.Release|Any CPU.ActiveCfg = Release|Any CPU
		{AB4705B8-874D-47D0-BF6D-2414C6F436BE}.Release|Any CPU.Build.0 = Release|Any CPU
		{955AA075-D841-4BB9-9487-DAC42EEBCECC}.Debug|Any CPU.ActiveCfg = Debug|Any CPU
		{955AA075-D841-4BB9-9487-DAC42EEBCECC}.Debug|Any CPU.Build.0 = Debug|Any CPU
		{955AA075-D841-4BB9-9487-DAC42EEBCECC}.Release|Any CPU.ActiveCfg = Release|Any CPU
		{955AA075-D841-4BB9-9487-DAC42EEBCECC}.Release|Any CPU.Build.0 = Release|Any CPU
		{521BB35C-2196-435D-B181-9172E5AE5F78}.Debug|Any CPU.ActiveCfg = Debug|Any CPU
		{521BB35C-2196-435D-B181-9172E5AE5F78}.Debug|Any CPU.Build.0 = Debug|Any CPU
		{521BB35C-2196-435D-B181-9172E5AE5F78}.Release|Any CPU.ActiveCfg = Release|Any CPU
		{521BB35C-2196-435D-B181-9172E5AE5F78}.Release|Any CPU.Build.0 = Release|Any CPU
		{A947C697-4EE8-4AF0-8E4D-14ACDC8EA363}.Debug|Any CPU.ActiveCfg = Debug|Any CPU
		{A947C697-4EE8-4AF0-8E4D-14ACDC8EA363}.Debug|Any CPU.Build.0 = Debug|Any CPU
		{A947C697-4EE8-4AF0-8E4D-14ACDC8EA363}.Release|Any CPU.ActiveCfg = Release|Any CPU
		{A947C697-4EE8-4AF0-8E4D-14ACDC8EA363}.Release|Any CPU.Build.0 = Release|Any CPU
	EndGlobalSection
	GlobalSection(SolutionProperties) = preSolution
		HideSolutionNode = FALSE
	EndGlobalSection
EndGlobal
